Microsoft Visual Studio Solution File, Format Version 12.00
# Visual Studio Version 17
VisualStudioVersion = 17.5.2.0
MinimumVisualStudioVersion = 10.0.40219.1
Project("{FAE04EC0-301F-11D3-BF4B-00C04F79EFBC}") = "DBTool", "DBTool.csproj", "{2E7A1747-55EC-6D10-3B73-037F9A6F4BAF}"
EndProject
Global
	GlobalSection(SolutionConfigurationPlatforms) = preSolution
		Debug|Any CPU = Debug|Any CPU
		Release|Any CPU = Release|Any CPU
	EndGlobalSection
	GlobalSection(ProjectConfigurationPlatforms) = postSolution
		{2E7A1747-55EC-6D10-3B73-037F9A6F4BAF}.Debug|Any CPU.ActiveCfg = Debug|Any CPU
		{2E7A1747-55EC-6D10-3B73-037F9A6F4BAF}.Debug|Any CPU.Build.0 = Debug|Any CPU
		{2E7A1747-55EC-6D10-3B73-037F9A6F4BAF}.Release|Any CPU.ActiveCfg = Release|Any CPU
		{2E7A1747-55EC-6D10-3B73-037F9A6F4BAF}.Release|Any CPU.Build.0 = Release|Any CPU
	EndGlobalSection
	GlobalSection(SolutionProperties) = preSolution
		HideSolutionNode = FALSE
	EndGlobalSection
	GlobalSection(ExtensibilityGlobals) = postSolution
		SolutionGuid = {C4987252-FE69-4B3B-9104-EAE6E5685A70}
	EndGlobalSection
EndGlobal
